// !$*UTF8*$!
{
	archiveVersion = 1;
	classes = {
	};
	objectVersion = 77;
	objects = {

/* Begin PBXContainerItemProxy section */
		381E744D2CEA8D14002214E6 /* PBXContainerItemProxy */ = {
			isa = PBXContainerItemProxy;
			containerPortal = 381E74342CEA8D12002214E6 /* Project object */;
			proxyType = 1;
			remoteGlobalIDString = 381E743B2CEA8D12002214E6;
			remoteInfo = SwiftUIDepAnalysis;
		};
		381E74572CEA8D14002214E6 /* PBXContainerItemProxy */ = {
			isa = PBXContainerItemProxy;
			containerPortal = 381E74342CEA8D12002214E6 /* Project object */;
			proxyType = 1;
			remoteGlobalIDString = 381E743B2CEA8D12002214E6;
			remoteInfo = SwiftUIDepAnalysis;
		};
/* End PBXContainerItemProxy section */

/* Begin PBXFileReference section */
		381E743C2CEA8D12002214E6 /* SwiftUIDepAnalysis.app */ = {isa = PBXFileReference; explicitFileType = wrapper.application; includeInIndex = 0; path = SwiftUIDepAnalysis.app; sourceTree = BUILT_PRODUCTS_DIR; };
		381E744C2CEA8D14002214E6 /* SwiftUIDepAnalysisTests.xctest */ = {isa = PBXFileReference; explicitFileType = wrapper.cfbundle; includeInIndex = 0; path = SwiftUIDepAnalysisTests.xctest; sourceTree = BUILT_PRODUCTS_DIR; };
		381E74562CEA8D14002214E6 /* SwiftUIDepAnalysisUITests.xctest */ = {isa = PBXFileReference; explicitFileType = wrapper.cfbundle; includeInIndex = 0; path = SwiftUIDepAnalysisUITests.xctest; sourceTree = BUILT_PRODUCTS_DIR; };
/* End PBXFileReference section */

/* Begin PBXFileSystemSynchronizedRootGroup section */
		381E743E2CEA8D12002214E6 /* SwiftUIDepAnalysis */ = {
			isa = PBXFileSystemSynchronizedRootGroup;
			path = SwiftUIDepAnalysis;
			sourceTree = "<group>";
		};
		381E744F2CEA8D14002214E6 /* SwiftUIDepAnalysisTests */ = {
			isa = PBXFileSystemSynchronizedRootGroup;
			path = SwiftUIDepAnalysisTests;
			sourceTree = "<group>";
		};
		381E74592CEA8D14002214E6 /* SwiftUIDepAnalysisUITests */ = {
			isa = PBXFileSystemSynchronizedRootGroup;
			path = SwiftUIDepAnalysisUITests;
			sourceTree = "<group>";
		};
/* End PBXFileSystemSynchronizedRootGroup section */

/* Begin PBXFrameworksBuildPhase section */
		381E74392CEA8D12002214E6 /* Frameworks */ = {
			isa = PBXFrameworksBuildPhase;
			buildActionMask = 2147483647;
			files = (
			);
			runOnlyForDeploymentPostprocessing = 0;
		};
		381E74492CEA8D14002214E6 /* Frameworks */ = {
			isa = PBXFrameworksBuildPhase;
			buildActionMask = 2147483647;
			files = (
			);
			runOnlyForDeploymentPostprocessing = 0;
		};
		381E74532CEA8D14002214E6 /* Frameworks */ = {
			isa = PBXFrameworksBuildPhase;
			buildActionMask = 2147483647;
			files = (
			);
			runOnlyForDeploymentPostprocessing = 0;
		};
/* End PBXFrameworksBuildPhase section */

/* Begin PBXGroup section */
		381E74332CEA8D12002214E6 = {
			isa = PBXGroup;
			children = (
				381E743E2CEA8D12002214E6 /* SwiftUIDepAnalysis */,
				381E744F2CEA8D14002214E6 /* SwiftUIDepAnalysisTests */,
				381E74592CEA8D14002214E6 /* SwiftUIDepAnalysisUITests */,
				381E743D2CEA8D12002214E6 /* Products */,
			);
			sourceTree = "<group>";
		};
		381E743D2CEA8D12002214E6 /* Products */ = {
			isa = PBXGroup;
			children = (
				381E743C2CEA8D12002214E6 /* SwiftUIDepAnalysis.app */,
				381E744C2CEA8D14002214E6 /* SwiftUIDepAnalysisTests.xctest */,
				381E74562CEA8D14002214E6 /* SwiftUIDepAnalysisUITests.xctest */,
			);
			name = Products;
			sourceTree = "<group>";
		};
/* End PBXGroup section */

/* Begin PBXNativeTarget section */
		381E743B2CEA8D12002214E6 /* SwiftUIDepAnalysis */ = {
			isa = PBXNativeTarget;
			buildConfigurationList = 381E74602CEA8D14002214E6 /* Build configuration list for PBXNativeTarget "SwiftUIDepAnalysis" */;
			buildPhases = (
				381E74382CEA8D12002214E6 /* Sources */,
				381E74392CEA8D12002214E6 /* Frameworks */,
				381E743A2CEA8D12002214E6 /* Resources */,
			);
			buildRules = (
			);
			dependencies = (
			);
			fileSystemSynchronizedGroups = (
				381E743E2CEA8D12002214E6 /* SwiftUIDepAnalysis */,
			);
			name = SwiftUIDepAnalysis;
			packageProductDependencies = (
			);
			productName = SwiftUIDepAnalysis;
			productReference = 381E743C2CEA8D12002214E6 /* SwiftUIDepAnalysis.app */;
			productType = "com.apple.product-type.application";
		};
		381E744B2CEA8D14002214E6 /* SwiftUIDepAnalysisTests */ = {
			isa = PBXNativeTarget;
			buildConfigurationList = 381E74632CEA8D14002214E6 /* Build configuration list for PBXNativeTarget "SwiftUIDepAnalysisTests" */;
			buildPhases = (
				381E74482CEA8D14002214E6 /* Sources */,
				381E74492CEA8D14002214E6 /* Frameworks */,
				381E744A2CEA8D14002214E6 /* Resources */,
			);
			buildRules = (
			);
			dependencies = (
				381E744E2CEA8D14002214E6 /* PBXTargetDependency */,
			);
			fileSystemSynchronizedGroups = (
				381E744F2CEA8D14002214E6 /* SwiftUIDepAnalysisTests */,
			);
			name = SwiftUIDepAnalysisTests;
			packageProductDependencies = (
			);
			productName = SwiftUIDepAnalysisTests;
			productReference = 381E744C2CEA8D14002214E6 /* SwiftUIDepAnalysisTests.xctest */;
			productType = "com.apple.product-type.bundle.unit-test";
		};
		381E74552CEA8D14002214E6 /* SwiftUIDepAnalysisUITests */ = {
			isa = PBXNativeTarget;
			buildConfigurationList = 381E74662CEA8D14002214E6 /* Build configuration list for PBXNativeTarget "SwiftUIDepAnalysisUITests" */;
			buildPhases = (
				381E74522CEA8D14002214E6 /* Sources */,
				381E74532CEA8D14002214E6 /* Frameworks */,
				381E74542CEA8D14002214E6 /* Resources */,
			);
			buildRules = (
			);
			dependencies = (
				381E74582CEA8D14002214E6 /* PBXTargetDependency */,
			);
			fileSystemSynchronizedGroups = (
				381E74592CEA8D14002214E6 /* SwiftUIDepAnalysisUITests */,
			);
			name = SwiftUIDepAnalysisUITests;
			packageProductDependencies = (
			);
			productName = SwiftUIDepAnalysisUITests;
			productReference = 381E74562CEA8D14002214E6 /* SwiftUIDepAnalysisUITests.xctest */;
			productType = "com.apple.product-type.bundle.ui-testing";
		};
/* End PBXNativeTarget section */

/* Begin PBXProject section */
		381E74342CEA8D12002214E6 /* Project object */ = {
			isa = PBXProject;
			attributes = {
				BuildIndependentTargetsInParallel = 1;
				LastSwiftUpdateCheck = 1600;
				LastUpgradeCheck = 1600;
				TargetAttributes = {
					381E743B2CEA8D12002214E6 = {
						CreatedOnToolsVersion = 16.0;
					};
					381E744B2CEA8D14002214E6 = {
						CreatedOnToolsVersion = 16.0;
						TestTargetID = 381E743B2CEA8D12002214E6;
					};
					381E74552CEA8D14002214E6 = {
						CreatedOnToolsVersion = 16.0;
						TestTargetID = 381E743B2CEA8D12002214E6;
					};
				};
			};
			buildConfigurationList = 381E74372CEA8D12002214E6 /* Build configuration list for PBXProject "SwiftUIDepAnalysis" */;
			developmentRegion = en;
			hasScannedForEncodings = 0;
			knownRegions = (
				en,
				Base,
			);
			mainGroup = 381E74332CEA8D12002214E6;
			minimizedProjectReferenceProxies = 1;
			preferredProjectObjectVersion = 77;
			productRefGroup = 381E743D2CEA8D12002214E6 /* Products */;
			projectDirPath = "";
			projectRoot = "";
			targets = (
				381E743B2CEA8D12002214E6 /* SwiftUIDepAnalysis */,
				381E744B2CEA8D14002214E6 /* SwiftUIDepAnalysisTests */,
				381E74552CEA8D14002214E6 /* SwiftUIDepAnalysisUITests */,
			);
		};
/* End PBXProject section */

/* Begin PBXResourcesBuildPhase section */
		381E743A2CEA8D12002214E6 /* Resources */ = {
			isa = PBXResourcesBuildPhase;
			buildActionMask = 2147483647;
			files = (
			);
			runOnlyForDeploymentPostprocessing = 0;
		};
		381E744A2CEA8D14002214E6 /* Resources */ = {
			isa = PBXResourcesBuildPhase;
			buildActionMask = 2147483647;
			files = (
			);
			runOnlyForDeploymentPostprocessing = 0;
		};
		381E74542CEA8D14002214E6 /* Resources */ = {
			isa = PBXResourcesBuildPhase;
			buildActionMask = 2147483647;
			files = (
			);
			runOnlyForDeploymentPostprocessing = 0;
		};
/* End PBXResourcesBuildPhase section */

/* Begin PBXSourcesBuildPhase section */
		381E74382CEA8D12002214E6 /* Sources */ = {
			isa = PBXSourcesBuildPhase;
			buildActionMask = 2147483647;
			files = (
			);
			runOnlyForDeploymentPostprocessing = 0;
		};
		381E74482CEA8D14002214E6 /* Sources */ = {
			isa = PBXSourcesBuildPhase;
			buildActionMask = 2147483647;
			files = (
			);
			runOnlyForDeploymentPostprocessing = 0;
		};
		381E74522CEA8D14002214E6 /* Sources */ = {
			isa = PBXSourcesBuildPhase;
			buildActionMask = 2147483647;
			files = (
			);
			runOnlyForDeploymentPostprocessing = 0;
		};
/* End PBXSourcesBuildPhase section */

/* Begin PBXTargetDependency section */
		381E744E2CEA8D14002214E6 /* PBXTargetDependency */ = {
			isa = PBXTargetDependency;
			target = 381E743B2CEA8D12002214E6 /* SwiftUIDepAnalysis */;
			targetProxy = 381E744D2CEA8D14002214E6 /* PBXContainerItemProxy */;
		};
		381E74582CEA8D14002214E6 /* PBXTargetDependency */ = {
			isa = PBXTargetDependency;
			target = 381E743B2CEA8D12002214E6 /* SwiftUIDepAnalysis */;
			targetProxy = 381E74572CEA8D14002214E6 /* PBXContainerItemProxy */;
		};
/* End PBXTargetDependency section */

/* Begin XCBuildConfiguration section */
		381E745E2CEA8D14002214E6 /* Debug */ = {
			isa = XCBuildConfiguration;
			buildSettings = {
				ALWAYS_SEARCH_USER_PATHS = NO;
				ASSETCATALOG_COMPILER_GENERATE_SWIFT_ASSET_SYMBOL_EXTENSIONS = YES;
				CLANG_ANALYZER_NONNULL = YES;
				CLANG_ANALYZER_NUMBER_OBJECT_CONVERSION = YES_AGGRESSIVE;
				CLANG_CXX_LANGUAGE_STANDARD = "gnu++20";
				CLANG_ENABLE_MODULES = YES;
				CLANG_ENABLE_OBJC_ARC = YES;
				CLANG_ENABLE_OBJC_WEAK = YES;
				CLANG_WARN_BLOCK_CAPTURE_AUTORELEASING = YES;
				CLANG_WARN_BOOL_CONVERSION = YES;
				CLANG_WARN_COMMA = YES;
				CLANG_WARN_CONSTANT_CONVERSION = YES;
				CLANG_WARN_DEPRECATED_OBJC_IMPLEMENTATIONS = YES;
				CLANG_WARN_DIRECT_OBJC_ISA_USAGE = YES_ERROR;
				CLANG_WARN_DOCUMENTATION_COMMENTS = YES;
				CLANG_WARN_EMPTY_BODY = YES;
				CLANG_WARN_ENUM_CONVERSION = YES;
				CLANG_WARN_INFINITE_RECURSION = YES;
				CLANG_WARN_INT_CONVERSION = YES;
				CLANG_WARN_NON_LITERAL_NULL_CONVERSION = YES;
				CLANG_WARN_OBJC_IMPLICIT_RETAIN_SELF = YES;
				CLANG_WARN_OBJC_LITERAL_CONVERSION = YES;
				CLANG_WARN_OBJC_ROOT_CLASS = YES_ERROR;
				CLANG_WARN_QUOTED_INCLUDE_IN_FRAMEWORK_HEADER = YES;
				CLANG_WARN_RANGE_LOOP_ANALYSIS = YES;
				CLANG_WARN_STRICT_PROTOTYPES = YES;
				CLANG_WARN_SUSPICIOUS_MOVE = YES;
				CLANG_WARN_UNGUARDED_AVAILABILITY = YES_AGGRESSIVE;
				CLANG_WARN_UNREACHABLE_CODE = YES;
				CLANG_WARN__DUPLICATE_METHOD_MATCH = YES;
				COPY_PHASE_STRIP = NO;
				DEBUG_INFORMATION_FORMAT = dwarf;
				ENABLE_STRICT_OBJC_MSGSEND = YES;
				ENABLE_TESTABILITY = YES;
				ENABLE_USER_SCRIPT_SANDBOXING = YES;
				GCC_C_LANGUAGE_STANDARD = gnu17;
				GCC_DYNAMIC_NO_PIC = NO;
				GCC_NO_COMMON_BLOCKS = YES;
				GCC_OPTIMIZATION_LEVEL = 0;
				GCC_PREPROCESSOR_DEFINITIONS = (
					"DEBUG=1",
					"$(inherited)",
				);
				GCC_WARN_64_TO_32_BIT_CONVERSION = YES;
				GCC_WARN_ABOUT_RETURN_TYPE = YES_ERROR;
				GCC_WARN_UNDECLARED_SELECTOR = YES;
				GCC_WARN_UNINITIALIZED_AUTOS = YES_AGGRESSIVE;
				GCC_WARN_UNUSED_FUNCTION = YES;
				GCC_WARN_UNUSED_VARIABLE = YES;
				IPHONEOS_DEPLOYMENT_TARGET = 18.0;
				LOCALIZATION_PREFERS_STRING_CATALOGS = YES;
				MTL_ENABLE_DEBUG_INFO = INCLUDE_SOURCE;
				MTL_FAST_MATH = YES;
				ONLY_ACTIVE_ARCH = YES;
				SDKROOT = iphoneos;
				SWIFT_ACTIVE_COMPILATION_CONDITIONS = "DEBUG $(inherited)";
				SWIFT_OPTIMIZATION_LEVEL = "-Onone";
			};
			name = Debug;
		};
		381E745F2CEA8D14002214E6 /* Release */ = {
			isa = XCBuildConfiguration;
			buildSettings = {
				ALWAYS_SEARCH_USER_PATHS = NO;
				ASSETCATALOG_COMPILER_GENERATE_SWIFT_ASSET_SYMBOL_EXTENSIONS = YES;
				CLANG_ANALYZER_NONNULL = YES;
				CLANG_ANALYZER_NUMBER_OBJECT_CONVERSION = YES_AGGRESSIVE;
				CLANG_CXX_LANGUAGE_STANDARD = "gnu++20";
				CLANG_ENABLE_MODULES = YES;
				CLANG_ENABLE_OBJC_ARC = YES;
				CLANG_ENABLE_OBJC_WEAK = YES;
				CLANG_WARN_BLOCK_CAPTURE_AUTORELEASING = YES;
				CLANG_WARN_BOOL_CONVERSION = YES;
				CLANG_WARN_COMMA = YES;
				CLANG_WARN_CONSTANT_CONVERSION = YES;
				CLANG_WARN_DEPRECATED_OBJC_IMPLEMENTATIONS = YES;
				CLANG_WARN_DIRECT_OBJC_ISA_USAGE = YES_ERROR;
				CLANG_WARN_DOCUMENTATION_COMMENTS = YES;
				CLANG_WARN_EMPTY_BODY = YES;
				CLANG_WARN_ENUM_CONVERSION = YES;
				CLANG_WARN_INFINITE_RECURSION = YES;
				CLANG_WARN_INT_CONVERSION = YES;
				CLANG_WARN_NON_LITERAL_NULL_CONVERSION = YES;
				CLANG_WARN_OBJC_IMPLICIT_RETAIN_SELF = YES;
				CLANG_WARN_OBJC_LITERAL_CONVERSION = YES;
				CLANG_WARN_OBJC_ROOT_CLASS = YES_ERROR;
				CLANG_WARN_QUOTED_INCLUDE_IN_FRAMEWORK_HEADER = YES;
				CLANG_WARN_RANGE_LOOP_ANALYSIS = YES;
				CLANG_WARN_STRICT_PROTOTYPES = YES;
				CLANG_WARN_SUSPICIOUS_MOVE = YES;
				CLANG_WARN_UNGUARDED_AVAILABILITY = YES_AGGRESSIVE;
				CLANG_WARN_UNREACHABLE_CODE = YES;
				CLANG_WARN__DUPLICATE_METHOD_MATCH = YES;
				COPY_PHASE_STRIP = NO;
				DEBUG_INFORMATION_FORMAT = "dwarf-with-dsym";
				ENABLE_NS_ASSERTIONS = NO;
				ENABLE_STRICT_OBJC_MSGSEND = YES;
				ENABLE_USER_SCRIPT_SANDBOXING = YES;
				GCC_C_LANGUAGE_STANDARD = gnu17;
				GCC_NO_COMMON_BLOCKS = YES;
				GCC_WARN_64_TO_32_BIT_CONVERSION = YES;
				GCC_WARN_ABOUT_RETURN_TYPE = YES_ERROR;
				GCC_WARN_UNDECLARED_SELECTOR = YES;
				GCC_WARN_UNINITIALIZED_AUTOS = YES_AGGRESSIVE;
				GCC_WARN_UNUSED_FUNCTION = YES;
				GCC_WARN_UNUSED_VARIABLE = YES;
				IPHONEOS_DEPLOYMENT_TARGET = 18.0;
				LOCALIZATION_PREFERS_STRING_CATALOGS = YES;
				MTL_ENABLE_DEBUG_INFO = NO;
				MTL_FAST_MATH = YES;
				SDKROOT = iphoneos;
				SWIFT_COMPILATION_MODE = wholemodule;
				VALIDATE_PRODUCT = YES;
			};
			name = Release;
		};
		381E74612CEA8D14002214E6 /* Debug */ = {
			isa = XCBuildConfiguration;
			buildSettings = {
				ASSETCATALOG_COMPILER_APPICON_NAME = AppIcon;
				ASSETCATALOG_COMPILER_GLOBAL_ACCENT_COLOR_NAME = AccentColor;
				CODE_SIGN_STYLE = Automatic;
				CURRENT_PROJECT_VERSION = 1;
				DEVELOPMENT_ASSET_PATHS = "\"SwiftUIDepAnalysis/Preview Content\"";
				DEVELOPMENT_TEAM = 35HM669KA6;
				ENABLE_PREVIEWS = YES;
				GENERATE_INFOPLIST_FILE = YES;
				INFOPLIST_KEY_UIApplicationSceneManifest_Generation = YES;
				INFOPLIST_KEY_UIApplicationSupportsIndirectInputEvents = YES;
				INFOPLIST_KEY_UILaunchScreen_Generation = YES;
				INFOPLIST_KEY_UISupportedInterfaceOrientations_iPad = "UIInterfaceOrientationPortrait UIInterfaceOrientationPortraitUpsideDown UIInterfaceOrientationLandscapeLeft UIInterfaceOrientationLandscapeRight";
				INFOPLIST_KEY_UISupportedInterfaceOrientations_iPhone = "UIInterfaceOrientationPortrait UIInterfaceOrientationLandscapeLeft UIInterfaceOrientationLandscapeRight";
				LD_RUNPATH_SEARCH_PATHS = (
					"$(inherited)",
					"@executable_path/Frameworks",
				);
				MARKETING_VERSION = 1.0;
				PRODUCT_BUNDLE_IDENTIFIER = com.stewartstuff.SwiftUIDepAnalysis;
				PRODUCT_NAME = "$(TARGET_NAME)";
				SWIFT_EMIT_LOC_STRINGS = YES;
				SWIFT_VERSION = 5.0;
				TARGETED_DEVICE_FAMILY = "1,2";
			};
			name = Debug;
		};
		381E74622CEA8D14002214E6 /* Release */ = {
			isa = XCBuildConfiguration;
			buildSettings = {
				ASSETCATALOG_COMPILER_APPICON_NAME = AppIcon;
				ASSETCATALOG_COMPILER_GLOBAL_ACCENT_COLOR_NAME = AccentColor;
				CODE_SIGN_STYLE = Automatic;
				CURRENT_PROJECT_VERSION = 1;
				DEVELOPMENT_ASSET_PATHS = "\"SwiftUIDepAnalysis/Preview Content\"";
				DEVELOPMENT_TEAM = 35HM669KA6;
				ENABLE_PREVIEWS = YES;
				GENERATE_INFOPLIST_FILE = YES;
				INFOPLIST_KEY_UIApplicationSceneManifest_Generation = YES;
				INFOPLIST_KEY_UIApplicationSupportsIndirectInputEvents = YES;
				INFOPLIST_KEY_UILaunchScreen_Generation = YES;
				INFOPLIST_KEY_UISupportedInterfaceOrientations_iPad = "UIInterfaceOrientationPortrait UIInterfaceOrientationPortraitUpsideDown UIInterfaceOrientationLandscapeLeft UIInterfaceOrientationLandscapeRight";
				INFOPLIST_KEY_UISupportedInterfaceOrientations_iPhone = "UIInterfaceOrientationPortrait UIInterfaceOrientationLandscapeLeft UIInterfaceOrientationLandscapeRight";
				LD_RUNPATH_SEARCH_PATHS = (
					"$(inherited)",
					"@executable_path/Frameworks",
				);
				MARKETING_VERSION = 1.0;
				PRODUCT_BUNDLE_IDENTIFIER = com.stewartstuff.SwiftUIDepAnalysis;
				PRODUCT_NAME = "$(TARGET_NAME)";
				SWIFT_EMIT_LOC_STRINGS = YES;
				SWIFT_VERSION = 5.0;
				TARGETED_DEVICE_FAMILY = "1,2";
			};
			name = Release;
		};
		381E74642CEA8D14002214E6 /* Debug */ = {
			isa = XCBuildConfiguration;
			buildSettings = {
				BUNDLE_LOADER = "$(TEST_HOST)";
				CODE_SIGN_STYLE = Automatic;
				CURRENT_PROJECT_VERSION = 1;
				DEVELOPMENT_TEAM = 35HM669KA6;
				GENERATE_INFOPLIST_FILE = YES;
				IPHONEOS_DEPLOYMENT_TARGET = 18.0;
				MARKETING_VERSION = 1.0;
				PRODUCT_BUNDLE_IDENTIFIER = com.stewartstuff.SwiftUIDepAnalysisTests;
				PRODUCT_NAME = "$(TARGET_NAME)";
				SWIFT_EMIT_LOC_STRINGS = NO;
				SWIFT_VERSION = 5.0;
				TARGETED_DEVICE_FAMILY = "1,2";
				TEST_HOST = "$(BUILT_PRODUCTS_DIR)/SwiftUIDepAnalysis.app/$(BUNDLE_EXECUTABLE_FOLDER_PATH)/SwiftUIDepAnalysis";
			};
			name = Debug;
		};
		381E74652CEA8D14002214E6 /* Release */ = {
			isa = XCBuildConfiguration;
			buildSettings = {
				BUNDLE_LOADER = "$(TEST_HOST)";
				CODE_SIGN_STYLE = Automatic;
				CURRENT_PROJECT_VERSION = 1;
				DEVELOPMENT_TEAM = 35HM669KA6;
				GENERATE_INFOPLIST_FILE = YES;
				IPHONEOS_DEPLOYMENT_TARGET = 18.0;
				MARKETING_VERSION = 1.0;
				PRODUCT_BUNDLE_IDENTIFIER = com.stewartstuff.SwiftUIDepAnalysisTests;
				PRODUCT_NAME = "$(TARGET_NAME)";
				SWIFT_EMIT_LOC_STRINGS = NO;
				SWIFT_VERSION = 5.0;
				TARGETED_DEVICE_FAMILY = "1,2";
				TEST_HOST = "$(BUILT_PRODUCTS_DIR)/SwiftUIDepAnalysis.app/$(BUNDLE_EXECUTABLE_FOLDER_PATH)/SwiftUIDepAnalysis";
			};
			name = Release;
		};
		381E74672CEA8D14002214E6 /* Debug */ = {
			isa = XCBuildConfiguration;
			buildSettings = {
				CODE_SIGN_STYLE = Automatic;
				CURRENT_PROJECT_VERSION = 1;
				DEVELOPMENT_TEAM = 35HM669KA6;
				GENERATE_INFOPLIST_FILE = YES;
				MARKETING_VERSION = 1.0;
				PRODUCT_BUNDLE_IDENTIFIER = com.stewartstuff.SwiftUIDepAnalysisUITests;
				PRODUCT_NAME = "$(TARGET_NAME)";
				SWIFT_EMIT_LOC_STRINGS = NO;
				SWIFT_VERSION = 5.0;
				TARGETED_DEVICE_FAMILY = "1,2";
				TEST_TARGET_NAME = SwiftUIDepAnalysis;
			};
			name = Debug;
		};
		381E74682CEA8D14002214E6 /* Release */ = {
			isa = XCBuildConfiguration;
			buildSettings = {
				CODE_SIGN_STYLE = Automatic;
				CURRENT_PROJECT_VERSION = 1;
				DEVELOPMENT_TEAM = 35HM669KA6;
				GENERATE_INFOPLIST_FILE = YES;
				MARKETING_VERSION = 1.0;
				PRODUCT_BUNDLE_IDENTIFIER = com.stewartstuff.SwiftUIDepAnalysisUITests;
				PRODUCT_NAME = "$(TARGET_NAME)";
				SWIFT_EMIT_LOC_STRINGS = NO;
				SWIFT_VERSION = 5.0;
				TARGETED_DEVICE_FAMILY = "1,2";
				TEST_TARGET_NAME = SwiftUIDepAnalysis;
			};
			name = Release;
		};
/* End XCBuildConfiguration section */

/* Begin XCConfigurationList section */
		381E74372CEA8D12002214E6 /* Build configuration list for PBXProject "SwiftUIDepAnalysis" */ = {
			isa = XCConfigurationList;
			buildConfigurations = (
				381E745E2CEA8D14002214E6 /* Debug */,
				381E745F2CEA8D14002214E6 /* Release */,
			);
			defaultConfigurationIsVisible = 0;
			defaultConfigurationName = Release;
		};
		381E74602CEA8D14002214E6 /* Build configuration list for PBXNativeTarget "SwiftUIDepAnalysis" */ = {
			isa = XCConfigurationList;
			buildConfigurations = (
				381E74612CEA8D14002214E6 /* Debug */,
				381E74622CEA8D14002214E6 /* Release */,
			);
			defaultConfigurationIsVisible = 0;
			defaultConfigurationName = Release;
		};
		381E74632CEA8D14002214E6 /* Build configuration list for PBXNativeTarget "SwiftUIDepAnalysisTests" */ = {
			isa = XCConfigurationList;
			buildConfigurations = (
				381E74642CEA8D14002214E6 /* Debug */,
				381E74652CEA8D14002214E6 /* Release */,
			);
			defaultConfigurationIsVisible = 0;
			defaultConfigurationName = Release;
		};
		381E74662CEA8D14002214E6 /* Build configuration list for PBXNativeTarget "SwiftUIDepAnalysisUITests" */ = {
			isa = XCConfigurationList;
			buildConfigurations = (
				381E74672CEA8D14002214E6 /* Debug */,
				381E74682CEA8D14002214E6 /* Release */,
			);
			defaultConfigurationIsVisible = 0;
			defaultConfigurationName = Release;
		};
/* End XCConfigurationList section */
	};
	rootObject = 381E74342CEA8D12002214E6 /* Project object */;
}
